// !$*UTF8*$!
{
	archiveVersion = 1;
	classes = {
	};
	objectVersion = 50;
	objects = {

/* Begin PBXBuildFile section */
		5EBE8A67207D5E7B00DB1953 /* main.c in Sources */ = {isa = PBXBuildFile; fileRef = 5EBE8A66207D5E7B00DB1953 /* main.c */; };
		5EBE8A6F207D5F5200DB1953 /* OpenCL.framework in Frameworks */ = {isa = PBXBuildFile; fileRef = 5EBE8A6E207D5F5200DB1953 /* OpenCL.framework */; };
		5EBE8A71207D5FFC00DB1953 /* multiply_arrays.cl in Sources */ = {isa = PBXBuildFile; fileRef = 5EBE8A70207D5FFC00DB1953 /* multiply_arrays.cl */; };
/* End PBXBuildFile section */

/* Begin PBXCopyFilesBuildPhase section */
		5EBE8A61207D5E7B00DB1953 /* CopyFiles */ = {
			isa = PBXCopyFilesBuildPhase;
			buildActionMask = 2147483647;
			dstPath = /usr/share/man/man1/;
			dstSubfolderSpec = 0;
			files = (
			);
			runOnlyForDeploymentPostprocessing = 1;
		};
/* End PBXCopyFilesBuildPhase section */

/* Begin PBXFileReference section */
		5EBE8A63207D5E7B00DB1953 /* MultiplyArray */ = {isa = PBXFileReference; explicitFileType = "compiled.mach-o.executable"; includeInIndex = 0; path = MultiplyArray; sourceTree = BUILT_PRODUCTS_DIR; };
		5EBE8A66207D5E7B00DB1953 /* main.c */ = {isa = PBXFileReference; lastKnownFileType = sourcecode.c.c; path = main.c; sourceTree = "<group>"; };
		5EBE8A6E207D5F5200DB1953 /* OpenCL.framework */ = {isa = PBXFileReference; lastKnownFileType = wrapper.framework; name = OpenCL.framework; path = System/Library/Frameworks/OpenCL.framework; sourceTree = SDKROOT; };
		5EBE8A70207D5FFC00DB1953 /* multiply_arrays.cl */ = {isa = PBXFileReference; fileEncoding = 4; lastKnownFileType = sourcecode.opencl; name = multiply_arrays.cl; path = ../../../../downloaded/Book_DataParallelism/MultiplyArrays/multiply_arrays.cl; sourceTree = "<group>"; };
/* End PBXFileReference section */

/* Begin PBXFrameworksBuildPhase section */
		5EBE8A60207D5E7B00DB1953 /* Frameworks */ = {
			isa = PBXFrameworksBuildPhase;
			buildActionMask = 2147483647;
			files = (
				5EBE8A6F207D5F5200DB1953 /* OpenCL.framework in Frameworks */,
			);
			runOnlyForDeploymentPostprocessing = 0;
		};
/* End PBXFrameworksBuildPhase section */

/* Begin PBXGroup section */
		5EBE8A5A207D5E7A00DB1953 = {
			isa = PBXGroup;
			children = (
				5EBE8A65207D5E7B00DB1953 /* MultiplyArray */,
				5EBE8A64207D5E7B00DB1953 /* Products */,
				5EBE8A6D207D5F5200DB1953 /* Frameworks */,
			);
			sourceTree = "<group>";
		};
		5EBE8A64207D5E7B00DB1953 /* Products */ = {
			isa = PBXGroup;
			children = (
				5EBE8A63207D5E7B00DB1953 /* MultiplyArray */,
			);
			name = Products;
			sourceTree = "<group>";
		};
		5EBE8A65207D5E7B00DB1953 /* MultiplyArray */ = {
			isa = PBXGroup;
			children = (
				5EBE8A66207D5E7B00DB1953 /* main.c */,
				5EBE8A70207D5FFC00DB1953 /* multiply_arrays.cl */,
			);
			path = MultiplyArray;
			sourceTree = "<group>";
		};
		5EBE8A6D207D5F5200DB1953 /* Frameworks */ = {
			isa = PBXGroup;
			children = (
				5EBE8A6E207D5F5200DB1953 /* OpenCL.framework */,
			);
			name = Frameworks;
			sourceTree = "<group>";
		};
/* End PBXGroup section */

/* Begin PBXNativeTarget section */
		5EBE8A62207D5E7B00DB1953 /* MultiplyArray */ = {
			isa = PBXNativeTarget;
			buildConfigurationList = 5EBE8A6A207D5E7B00DB1953 /* Build configuration list for PBXNativeTarget "MultiplyArray" */;
			buildPhases = (
				5EBE8A5F207D5E7B00DB1953 /* Sources */,
				5EBE8A60207D5E7B00DB1953 /* Frameworks */,
				5EBE8A61207D5E7B00DB1953 /* CopyFiles */,
			);
			buildRules = (
			);
			dependencies = (
			);
			name = MultiplyArray;
			productName = MultiplyArray;
			productReference = 5EBE8A63207D5E7B00DB1953 /* MultiplyArray */;
			productType = "com.apple.product-type.tool";
		};
/* End PBXNativeTarget section */

/* Begin PBXProject section */
		5EBE8A5B207D5E7A00DB1953 /* Project object */ = {
			isa = PBXProject;
			attributes = {
				LastUpgradeCheck = 0930;
				ORGANIZATIONNAME = "Topology Eyewear";
				TargetAttributes = {
					5EBE8A62207D5E7B00DB1953 = {
						CreatedOnToolsVersion = 9.3;
					};
				};
			};
			buildConfigurationList = 5EBE8A5E207D5E7A00DB1953 /* Build configuration list for PBXProject "MultiplyArray" */;
			compatibilityVersion = "Xcode 9.3";
			developmentRegion = en;
			hasScannedForEncodings = 0;
			knownRegions = (
				en,
			);
			mainGroup = 5EBE8A5A207D5E7A00DB1953;
			productRefGroup = 5EBE8A64207D5E7B00DB1953 /* Products */;
			projectDirPath = "";
			projectRoot = "";
			targets = (
				5EBE8A62207D5E7B00DB1953 /* MultiplyArray */,
			);
		};
/* End PBXProject section */

/* Begin PBXSourcesBuildPhase section */
		5EBE8A5F207D5E7B00DB1953 /* Sources */ = {
			isa = PBXSourcesBuildPhase;
			buildActionMask = 2147483647;
			files = (
				5EBE8A71207D5FFC00DB1953 /* multiply_arrays.cl in Sources */,
				5EBE8A67207D5E7B00DB1953 /* main.c in Sources */,
			);
			runOnlyForDeploymentPostprocessing = 0;
		};
/* End PBXSourcesBuildPhase section */

/* Begin XCBuildConfiguration section */
		5EBE8A68207D5E7B00DB1953 /* Debug */ = {
			isa = XCBuildConfiguration;
			buildSettings = {
				ALWAYS_SEARCH_USER_PATHS = NO;
				CLANG_ANALYZER_NONNULL = YES;
				CLANG_ANALYZER_NUMBER_OBJECT_CONVERSION = YES_AGGRESSIVE;
				CLANG_CXX_LANGUAGE_STANDARD = "gnu++14";
				CLANG_CXX_LIBRARY = "libc++";
				CLANG_ENABLE_MODULES = YES;
				CLANG_ENABLE_OBJC_ARC = YES;
				CLANG_ENABLE_OBJC_WEAK = YES;
				CLANG_WARN_BLOCK_CAPTURE_AUTORELEASING = YES;
				CLANG_WARN_BOOL_CONVERSION = YES;
				CLANG_WARN_COMMA = YES;
				CLANG_WARN_CONSTANT_CONVERSION = YES;
				CLANG_WARN_DEPRECATED_OBJC_IMPLEMENTATIONS = YES;
				CLANG_WARN_DIRECT_OBJC_ISA_USAGE = YES_ERROR;
				CLANG_WARN_DOCUMENTATION_COMMENTS = YES;
				CLANG_WARN_EMPTY_BODY = YES;
				CLANG_WARN_ENUM_CONVERSION = YES;
				CLANG_WARN_INFINITE_RECURSION = YES;
				CLANG_WARN_INT_CONVERSION = YES;
				CLANG_WARN_NON_LITERAL_NULL_CONVERSION = YES;
				CLANG_WARN_OBJC_IMPLICIT_RETAIN_SELF = YES;
				CLANG_WARN_OBJC_LITERAL_CONVERSION = YES;
				CLANG_WARN_OBJC_ROOT_CLASS = YES_ERROR;
				CLANG_WARN_RANGE_LOOP_ANALYSIS = YES;
				CLANG_WARN_STRICT_PROTOTYPES = YES;
				CLANG_WARN_SUSPICIOUS_MOVE = YES;
				CLANG_WARN_UNGUARDED_AVAILABILITY = YES_AGGRESSIVE;
				CLANG_WARN_UNREACHABLE_CODE = YES;
				CLANG_WARN__DUPLICATE_METHOD_MATCH = YES;
				CODE_SIGN_IDENTITY = "-";
				COPY_PHASE_STRIP = NO;
				DEBUG_INFORMATION_FORMAT = dwarf;
				ENABLE_STRICT_OBJC_MSGSEND = YES;
				ENABLE_TESTABILITY = YES;
				GCC_C_LANGUAGE_STANDARD = c99;
				GCC_DYNAMIC_NO_PIC = NO;
				GCC_NO_COMMON_BLOCKS = YES;
				GCC_OPTIMIZATION_LEVEL = 0;
				GCC_PREPROCESSOR_DEFINITIONS = (
					"DEBUG=1",
					"$(inherited)",
				);
				GCC_WARN_64_TO_32_BIT_CONVERSION = YES;
				GCC_WARN_ABOUT_RETURN_TYPE = YES_ERROR;
				GCC_WARN_UNDECLARED_SELECTOR = YES;
				GCC_WARN_UNINITIALIZED_AUTOS = YES_AGGRESSIVE;
				GCC_WARN_UNUSED_FUNCTION = YES;
				GCC_WARN_UNUSED_VARIABLE = YES;
				MACOSX_DEPLOYMENT_TARGET = 10.13;
				MTL_ENABLE_DEBUG_INFO = YES;
				ONLY_ACTIVE_ARCH = YES;
				SDKROOT = macosx;
			};
			name = Debug;
		};
		5EBE8A69207D5E7B00DB1953 /* Release */ = {
			isa = XCBuildConfiguration;
			buildSettings = {
				ALWAYS_SEARCH_USER_PATHS = NO;
				CLANG_ANALYZER_NONNULL = YES;
				CLANG_ANALYZER_NUMBER_OBJECT_CONVERSION = YES_AGGRESSIVE;
				CLANG_CXX_LANGUAGE_STANDARD = "gnu++14";
				CLANG_CXX_LIBRARY = "libc++";
				CLANG_ENABLE_MODULES = YES;
				CLANG_ENABLE_OBJC_ARC = YES;
				CLANG_ENABLE_OBJC_WEAK = YES;
				CLANG_WARN_BLOCK_CAPTURE_AUTORELEASING = YES;
				CLANG_WARN_BOOL_CONVERSION = YES;
				CLANG_WARN_COMMA = YES;
				CLANG_WARN_CONSTANT_CONVERSION = YES;
				CLANG_WARN_DEPRECATED_OBJC_IMPLEMENTATIONS = YES;
				CLANG_WARN_DIRECT_OBJC_ISA_USAGE = YES_ERROR;
				CLANG_WARN_DOCUMENTATION_COMMENTS = YES;
				CLANG_WARN_EMPTY_BODY = YES;
				CLANG_WARN_ENUM_CONVERSION = YES;
				CLANG_WARN_INFINITE_RECURSION = YES;
				CLANG_WARN_INT_CONVERSION = YES;
				CLANG_WARN_NON_LITERAL_NULL_CONVERSION = YES;
				CLANG_WARN_OBJC_IMPLICIT_RETAIN_SELF = YES;
				CLANG_WARN_OBJC_LITERAL_CONVERSION = YES;
				CLANG_WARN_OBJC_ROOT_CLASS = YES_ERROR;
				CLANG_WARN_RANGE_LOOP_ANALYSIS = YES;
				CLANG_WARN_STRICT_PROTOTYPES = YES;
				CLANG_WARN_SUSPICIOUS_MOVE = YES;
				CLANG_WARN_UNGUARDED_AVAILABILITY = YES_AGGRESSIVE;
				CLANG_WARN_UNREACHABLE_CODE = YES;
				CLANG_WARN__DUPLICATE_METHOD_MATCH = YES;
				CODE_SIGN_IDENTITY = "-";
				COPY_PHASE_STRIP = NO;
				DEBUG_INFORMATION_FORMAT = "dwarf-with-dsym";
				ENABLE_NS_ASSERTIONS = NO;
				ENABLE_STRICT_OBJC_MSGSEND = YES;
				GCC_C_LANGUAGE_STANDARD = c99;
				GCC_NO_COMMON_BLOCKS = YES;
				GCC_WARN_64_TO_32_BIT_CONVERSION = YES;
				GCC_WARN_ABOUT_RETURN_TYPE = YES_ERROR;
				GCC_WARN_UNDECLARED_SELECTOR = YES;
				GCC_WARN_UNINITIALIZED_AUTOS = YES_AGGRESSIVE;
				GCC_WARN_UNUSED_FUNCTION = YES;
				GCC_WARN_UNUSED_VARIABLE = YES;
				MACOSX_DEPLOYMENT_TARGET = 10.13;
				MTL_ENABLE_DEBUG_INFO = NO;
				SDKROOT = macosx;
			};
			name = Release;
		};
		5EBE8A6B207D5E7B00DB1953 /* Debug */ = {
			isa = XCBuildConfiguration;
			buildSettings = {
				CODE_SIGN_STYLE = Automatic;
				PRODUCT_NAME = "$(TARGET_NAME)";
			};
			name = Debug;
		};
		5EBE8A6C207D5E7B00DB1953 /* Release */ = {
			isa = XCBuildConfiguration;
			buildSettings = {
				CODE_SIGN_STYLE = Automatic;
				PRODUCT_NAME = "$(TARGET_NAME)";
			};
			name = Release;
		};
/* End XCBuildConfiguration section */

/* Begin XCConfigurationList section */
		5EBE8A5E207D5E7A00DB1953 /* Build configuration list for PBXProject "MultiplyArray" */ = {
			isa = XCConfigurationList;
			buildConfigurations = (
				5EBE8A68207D5E7B00DB1953 /* Debug */,
				5EBE8A69207D5E7B00DB1953 /* Release */,
			);
			defaultConfigurationIsVisible = 0;
			defaultConfigurationName = Release;
		};
		5EBE8A6A207D5E7B00DB1953 /* Build configuration list for PBXNativeTarget "MultiplyArray" */ = {
			isa = XCConfigurationList;
			buildConfigurations = (
				5EBE8A6B207D5E7B00DB1953 /* Debug */,
				5EBE8A6C207D5E7B00DB1953 /* Release */,
			);
			defaultConfigurationIsVisible = 0;
			defaultConfigurationName = Release;
		};
/* End XCConfigurationList section */
	};
	rootObject = 5EBE8A5B207D5E7A00DB1953 /* Project object */;
}
